-- // Protected by luaGuard - Security Level basic

-- This file was generated using Luraph Obfuscator v13.5.9

return(function(Od,qd,Qd,Ad,Gd,kd,yd,Zd,ud,rd,Dd,Xd,Wd,od,Kd,vd,td,Ud,ld,Bd,Id,id,Yd,Jd,Md,Sd,Cd,md,Fd,fd,gd,dd,p,...)local Hd,Rd,bd,Ld=1,nil,nil,nil;while gd(0X00,Hd,0x0003)do do if gd(1,Hd,0X0)then Ld=0x005D370862;do Hd=0X3;end;else if Hd~=1 then do bd=2113560081;end;Hd=0x0;else do Rd=0X4258c8e1;end;Hd=2;end;end;end;end;local zd=(49996825);local T=select;local ad=(0X18B60c69);Hd=2;local d,M,N=nil,nil,(nil);while gd(0X2,Hd,0X3)do if gd(1,Hd,0X0)then N=Sd;do Hd=0X3;end;else if Hd~=1 then do d=(gd(0X3,setmetatable({},{__mul=function(Wy,Dy)local Py=0X1;while Py~=2 do if Py~=0 then zd=zd-0X141;do Py=0X0;end;else ad=ad+797;Py=2;end;end;return((Dy+zd)-ad);end}),4659555502));end;Hd=0X1;do continue;end;else M=Id.unpack;Hd=0;do continue;end;end;end;end;local F=gd(5,gd(0X4,nil,nil,0x2,Hd,0X00039,484.1873231807915,d,ad,M,Ld,0X0000F,0x52),0X1);Hd=1;local j,Z,e,s,a,S,I,t=nil,nil,nil,nil,nil,nil,nil,(nil);while gd(2,Hd,0X0008)do if gd(0x1,Hd,0X00003)then if gd(1,Hd,0X001)then if Hd==0X0000 then a=bit32.bor;do Hd=0X2;end;continue;else j=Ad;Hd=0X05;continue;end;else do if gd(6,Hd,0X2)then do S=id;end;Hd=7;continue;else do t=gd(0x7,nil,nil,977.8144740642729,161.33751122976156,T,Id,0XA,0X0021).match;end;Hd=0X8;end;end;end;else do if not(gd(0X001,Hd,5))then if Hd~=6 then I=string.char;Hd=0X3;else e=qd;do Hd=4;end;do continue;end;end;else do if gd(6,Hd,0X4)then s=string.byte;Hd=0X0;else Z=td;Hd=6;do continue;end;end;end;end;end;end;end;local x=type;Hd=1;local Y,i=nil,nil;do while gd(7,nil,nil,Hd,{},83,Hd,{},0X1a,144.37451258987994)~=0X2 do do if gd(0x6,Hd,0X000)then i=Wd;do Hd=0X2;end;else do Y=vd.bxor;end;Hd=0X00000;end;end;end;end;do Hd=0;end;local v,V=nil,(nil);while gd(0X02,Hd,2)do if not(gd(0x6,Hd,0))then do V=ld;end;Hd=0X2;do continue;end;else v=od;do Hd=0X0001;end;continue;end;end;local K=setfenv;local l=(Cd.wrap);local X,u={[0x0]=0X1},Md;local E=ud;do Hd=0x1;end;local xd,k=nil,(nil);while"\049e\II"do do if Hd~=0 then do xd=0X0001;end;Hd=0X00;continue;else k=0x1;break;end;end;end;do Hd=0X00001;end;local b,A=nil,(nil);do while gd(0X8,nil,nil,k,Hd,zd,Hd,T,Hd,76,606.0084112802324,44)<=0X1 do if Hd~=0 then b=vd.lshift;do Hd=0X00000;end;else A=Kd;Hd=2;end;end;end;local G=gd(0x9,nil,nil,{},Z,M,{},33,{},Hd,Id)();local C,D,B,H=nil,nil,nil,(nil);for Bb=0x0000,0X5 do if gd(0x1,Bb,2)then do if not(gd(1,Bb,0))then do if gd(0X0006,Bb,1)then C=coroutine.yield;do continue;end;else D="LPH+327F8AF11518C00401000F0200020044040E0200020044040D02000200440406020002001B0300020002003B0901020002000609E601020002004502EE010200020045026802F701028F01240246029D01022B4402A201020A02FC014202890102F601022F320207029C0102752E027B025E027A2302270249029E01550273026C0212370200020002001B030002000200360201020002001B030002000200290900020002003B090102000200440400020002003B0900020102002909D20102D30102701D02000200022H0002000200020007028C94616400252ABF32020073B22H009D3ABA7699FE5HFF00029479430E362H00F524185CBF060100D301020002004404D201020002004404D1010200020044040C020002001B0318020002003B091F020002000609E301020002004502EC0102000200450207026A025C0302A101025A02B4013F023E02F30102A9013F0224029F01022H0002090208022F4302B001026E02303B02A80102DE010280011E02A401027202190A02C30102000200440428022A02284A02912H0200020044046E0200020044042202270200200200022702001C020002200200200274027A02351D0200022002003C0201020002004404070220020034021B021A02204002180220021B5502000200020044042002200219150200020002004404200920022B490241023C02EA015202000200020044049F2H0200020044041402000200440400022F02005302880102870102351D02EA2H02000200440416022A02294B022A092B021417020102000200440418022B02003B092A092C022A17020102000200440418022C02003B096602860102351D02E70102EA010233480200022D02003C02380238020D20022D09D90204062A02CA2H0200020044042B092F021D0502D92H022F02000F049C2H0200020044047802A201022E34022B022F02002002842H020002004404E401022B02000F04DC03020002004404250227022651090B02270226510917020002004404800102830102351D020002280200220201020002004404A001022802003402E40102E50102334802E40102E6010233480229020002004404240927021E46090402000200440400022702000D02320227022251090E0227022651091902000200440426024902EA01520215020002004404180227022651092F02270226510900020002004404130227022651091F022702265109000200020044041B022702265109110200020044040D022702265109160227022651091002000200440400022902004C02010200020044044702290200343H022A02001B2H0302000200440400022A02002202FF01022A02000F0412020002004404E40102E701023348020802000200440400022902000D02DA3HFF0F02000200440417022702265109E73HFF0F02000200440420022702265109D33HFF0F02000200440433022702265109DB3HFF0F02000200440428022C02002002F13HFF0F02000200442H04022602001B03D93HFF0F020002004404E40102E7010233480228022C0200200201022C022H0002E63HFF0F0200020044049C01020002004404E30102E801023348020002000200440400022A02000C02872H020002004404CC0102E9010233480200022D0200280215022E020006092H02000200440424024D02EA015202FA3HFF0F02000200440403022C022H000200022B02004C02F33HFF0F02000200440445024B02EA0152020A022B02002002F83HFF0F020002004404140230020006098801028A0102351D02140232020006099201023002001004270923022E2602B32H02000200442H04021D0200450209021E02000609290200020044040D0223022251091C0200020044042A02210200060903022202001B0300022302000D02320223022251090E022302225109140200020044041D0220020006091B020002004404180223022251092F022302225109130223022251090802000200440400021F02000D0200022002000D02F13HFF0F02000200440400021C02000D02EA3HFF0F0200020044046E027F02351D02F1FE2HFF0F022602000F04150200020044041F0223022251091B02230222510920022302225109250223022251090B022302225109E43HFF0F02000200440417022302225109EC3HFF0F020002004404160223022251093302230222510900020002004404240923021E460900022402001B0306022502001B03EE3HFF0F02000200440401022102001B0304021D02012B0200021E02000D02E53HFF0F02000200440400021F02001802DD3HFF0F0200020044044C0200020044044C022A02000104820102000200440400020802003B090002000200440422020902003B0905020A02003B0901020B02003B092D020C02003B091602000200440405021402001B032H0215020042022902000200440428020502003B090102000200440418020502003B0935020602003B092H020702003B09F03HFF0F02000200440476021C0200100427020F02003B090102000200440418020F02003B090F091002031702000211020018020F0912023617021902000200440419020002003B090102000200440418020002003B09000900020A173H02000200440434020D02003B091C02000200440419020102003B09010901020717020102000200440418020102003B09193H02003B0901020002004404183H02003B0902092H0204170219020302003B090309030221170208020402003B090102000200440418020402003B0904090402291702DC3HFF0F0200020044041A021D0200060914021E02000609DF3HFF0F02000200440423021302000609D43HFF0F020002004404010216020025020C021702000609310218020006092C02190200060900021A02000D020C021B020006091D021C02000609F33HFF0F0200020044040F020E02003B09D43HFF0F020002004404C80102E2010233480223022702002002840102840102E6011402C101022602002D048B0102B2010287013002952H0200020044042809AD01042E19020402000200440427024902EA01520247024A02EA01520200022802003C02FA3HFF0F020002004404510200020044043E0200020044042C02B23HFF0F04273A02F53HFF0F020002004404140228020006090E0226020010041402260200060916022702003F02FB3HFF0F020002004404FD01022F020001046D02000200440480FE2HFF0F02000200440467020002004404C00102ED0102334802EC0102EE0102334802010200020044047C02000200440400023102003C028A0102870102351D02FC3HFF0F0200020044048EFE2HFF0F022602002E043802000200440411023002002E04610200020044045D02000200440443022902000F04FD3HFF0F02000200440400022F0200180200020002004404880102870102351D026E0200020044042A02290200200228022A02285602C501022A02000F041A0200020044046902000200440400022F02001A02000200020044042F022E02002002FB3HFF0F020002004404EA0102F0010233480222025602EA015202E70102F20102334802EF0102F301023348020002350200220201020002004404F10102350200340235023502172H021A023502354B020102000200440418023502003B0934022E02003E021802340217550234023402191502340934022B490255023802EA015202DD3HFF0F020002004404DF3HFF0F0200020044042F022E0200200251020002004404C93HFF0F0200020044043F020002004404D2FD2HFF0F021C02002E04100200020044046602800102351D02000200020044042602280200200200022702003C0201020002004404330227020034022709C8FD2HFF0F04082A020B0200020044042D094404192A02380200020044040002260200530201022602000802000200020044049D01029C0102E8010F02A53HFF0F02000200440443020002004404C9FE2HFF0F020002004404F83HFF0F020002004404BCFD2HFF0F020002004404A83HFF0F0200020044041C02310200100400023002000D020002000200440414023102000609EB0102EE010233480214023302000609F93HFF0F02000200440403022A020011045E0200020044047B02830102351D0200022A02001C024B024A02EA015202050200020044042B022B022824020002000200440428022C02280A022B022B022C12020602000200440428022A022815020002000200440428022B02285502F73HFF0F02000200440448022A02000F2H040200020044042A022A022B4E02830102820102351D0228022A02285402FA3HFF0F0200020044041902000200440424023102002E049A3HFF0F020002004404C2FD2HFF0F020002004404810102830102351D02E53HFF0F0200020044042702F2FD2HFF0F04280302E53HFF0F0200020044049B3HFF0F0200020044048C01020002004404A93HFF0F020002004404F8FE2HFF0F021602000F04BF3HFF0F02000200440428022A02280902680200020044042F022E02002002DC0102E0010222113H02000200440409022F02000609FB3HFF0F0200020044042F09D03HFF0F04123D02FAFD2HFF0F0200020044042D09C13HFF0F041C2A02A8FD2HFF0F0200020044042D09FD3HFF0F04302A02E93HFF0F0200020044042C020002004404AE3HFF0F022F0200110492FD2HFF0F0200020044046502880102351D022C02300200200200020002004404D90102D901021F0B0200020002004404F6FE2HFF0F022F020041049A01029E0102765202F63HFF0F020002004404DB3HFF0F0200020044045A028E0102351D022B023602002002050200020044041A023502354B020002000200440434023002354002180235021755020602000200440455025802EA0152020002350200220201020002004404B80102350200340235023502172H02F53HFF0F02000200440435023502191502350935022B490256023802EA015202ED3HFF0F0200020044040502270200200247024902EA015202330233020D200200022702000C0200022702000D0200022802000D0200022902001A02C80102E60102334802E20102E7010233480200022C0200530282FE2HFF0F022A02004104830102820102351D0228022A02283202E9FE2HFF0F022A02000F04D4FE2HFF0F02000200440428022A02282102FA3HFF0F020002004404CAFD2HFF0F022602004F04963HFF0F020002004404810102830102351D02A23HFF0F020002004404320927022E4609250200020044042B022B02003E02810102850102351D0209022D020006092C022C02003E0209022D0200060928022E020020022D022D02003E022202000200440428022A02284B020102000200440418022A02003B09280228022A4002F13HFF0F02000200440400022A02000C020102000200440400022A020053022709AB3HFF0F041D19023402000200440401022E022H0002010200020044049001022E0200340200022A020031020102000200440413022A0200340249024B02EA01520228022B0200200249024D02EA015202E43HFF0F02000200440449024D02EA01520200022A02000C0201020002004404DF01022A0200340246024B02EA0152020D020002004404810102830102351D02810102840102351D021E02000200440435024702EA0152021402270200060910020002004404830102820102351D02F83HFF0F02000200442H04022A0200270201020002004404EC01022A02003402810102830102351D020702000200440427022B0200200229022C02002002DB3HFF0F02000200440449024F02EA01520200022D02003C0228022E02002002DC3HFF0F020002004404280228022A4002D03HFF0F02000200440400022602003C0226092702261702260928021117020102000200440418022802003B09260929021017020102000200440418022902003B0925022A0200200227022B02002002D93HFF0F02000200440449024D02EA01520249024E02EA015202EC3HFF0F02000200440488FC2HFF0F020002004404863HFF0F020002004404310932021417020102000200440418023202003B09310933022A17024F025502EA0152023302320234400200020002004404FAFD2HFF0F02000200440400022D020018024E024A02EA01520249024E02EA0152022B0226022D4002A1FD2HFF0F0200020044048BFC2HFF0F020002004404B759733900E7E6AD763800A9B22H001D0007083H0032D9B60211CEFD132H073H00DAE1DCC8EF296C07083H002F829BF584D1A81C070B3H00F72A850E5ABD30B2DEB19207053H00648374B848070A3H00877A7523A55B08C22A5007053H0009347D3F8107063H000817A82H683E2H073H007E7504BE107561074H0007063H00A3A69EB0C66807063H0021ECB491E925BA177H00070A3H006FC2768B509963CB561E07083H0031BC2441F671937E070A3H0039A49C10582A94F30EC207113H000B6EC981FC16251D3DF3492D31633F39FF070D3H00BEB5DC76DC3C2086805476823EBAE8036H002H073H00612C7451A1E9D9BA017H0007103H0002694A5D1B77C052CE5AD5E064D85A6207093H005279BB5CEF33DC62822H073H0081CC14F18444AB2H073H00A289EBCCA518EA07083H00974AE2E8A9979B97BAFF7H002H073H005FF2C6DB53490A07083H005827F4D401092B77BA8H004D2H073H00C0EF1DF639DC1207063H008D28E8B5D44D2H073H00FB9E78F10BF1D1070A3H002443B2F28B3348A862EC2H073H00EE2513638CA892070D3H00D316F297BAEFA5BD6F5F575CFA07063H0032D99B3C0AC9070D3H009867B994DED9EB2B7443EB87F12H073H00F3B6A90D955F96070E3H007C3BAD30A4D2B78D05F767BF54E207083H007A012FA44006C13BBA027H00BA00016H00BABF7H0007063H0022095A762E99232H073H000817954E712E1207093H007570BD1D7668C6C793BA6D7H00070C3H00D8A7457E9884BDF13206AC4E070C3H00D433A952C6521D58D21F7BED07063H0010FF6640D4A6070E3H00461D1FA2CE2CE97F0FD181ED0E2C07063H007453FF432E380002ADD9A213362H005277AA5FDF04010016020002004404150200020044041402000200440405020002001B0301020002003B0905020002000609E201020002004502E9010200020045020302090206480256022802534E026B0231024212027502EB010285012902EE0102A801029B011E020902000200440400020002000B02230200020044041D02000200440401020402003B090102000200440401020402003B09030205020006090C0200020044040D020302001004003H02000D0200020302001402003H020157020002000200440400020302000609F43HFF0F02000200440400020402004C02010200020044045602040200340200020502000609F43HFF0F020002004404A80102AE0102515202F93HFF0F02000200440401020302002E04E93HFF0F0200020044042H020702064B020002FC3HFF0F04073A02E73HFF0F0200020044040E0200020044040002080200220200020002004404F73HFF0F020802000F2H040200020044042H020802003B09C30102C50102334802BC0102C60102334802F83HFF0F020002004404F63HFF0F02000200440400020302000E020102000200440401020302003B0900020302001C0278027B022E3402000208020018020002080200300248FC0B19010022EE3621350B0176B22H002100BA017H0007083H000A79BB926A90A72H070A3H000271B28E8988CD1E9B0507033H00B8E7D50003F5D25D0C362H00437C987D1137B50401000E0200020044040D0200020044040C02000200440405020002001B0301020002003B092H020002000609E101020002004502E801020002004502BA01023B020B1802C3010254028E0135028E01028E0102181F02B201023802B9012E023C024902001D029701021602BB012F02C701025602AE0104029D01029C0102E8010F0249DCB05B0050DF2854020072B22H00B93H0046F0B00C362H002600F4DD0C07BA04010011020002004404100200020044040F02000200440405020002001B0301020002003B092H020002000609E201020002004502EC010200020045023B028D0102CB012E0233026E021B1D0261023902D5011602DC01021702AD0144027002A2010201110203029A0102990116020D02CB01027000023502580292015002220270027E4D026002F5010292012F02A80102A90102515202780279022E340200020002000B02B9E0240800318AD66D030072B22H00D12H00038B5D5E0C362H00859C77C1800FE304010035020002004404340200020044043302000200440405020002001B032H020002003B0907020002000609E101020002004502E8010200020045027602F80102142H028501029F01025C0002B00102CE01024F3302C20102820102AB0103028601022C021448023C026A02FE013B02E701029D0102774A022602000200440417020102002E042902000200440400020102000609003H0200060900020302000609000204020006090402000200440424020002004404033H02002C3H020102002C020302000200440405020402002C0204020302002C02FA3HFF0F0200020044042H020102003B09F73HFF0F0200020044045A025B02351D0200020302002002003H0200380201020002004404F8013H020034021602000200442H04020502064002E83HFF0F02000200440401020502000E020002000200440400020602002002FA3HFF0F0200020044044HFF0F020002004404A70102A60102A9013402043H0200060900020002004404000200020022020002010200060900020002004404053H0200060901020302000609DA3HFF0F02010200100400020002000E02010200020044042H020002003B0903020102000609F33HFF0F020002004404D63HFF0F020002004404EF3HFF0F020102000F04E23HFF0F020002004404EA01AB0C060002001A001800190017001B3C278B64080078B22H005900BA8H00BA017H002H073H00E5CC6BE098961307033H00FE7DA3483H00205FA00242BAFF9H000H00FBCBA30C362H0068AB14FC6469B60401000E0200020044040D0200020044040C02000200440405020002001B0301020002003B092H020002000609E001020002004502ED01020002004502F9010280010282013202FE0102CF0102042102B70102860102B0012H02B00102B90102500F020B02FB01025B560201020002004404A70102A60102A9013402A80102A901025152028B01028C010287013002FC0C382F0076D32D67030072B22H00192H000316CA260C362H007600AC3DE070D80401000D0200020044040C0200020044040B02000200440405020002001B030F020002003B090A020002000609E101020002004502E8010200020045024A029101025F5402FC01028C0102A101100256027802491E02AB0102980102E5011602CD0102AA01023F1602B801020D024E320200020102000E02010200020044040F020102003B0903020102000F041F02000200440400020002000B020002010200070201020102000E02010200020044040F020102003B0959025B02351D3H020302000E02010200020044040F020302003B090302010200470201020102000E0259025B02351D3H020302000E0203020102070002010200020044046802010200340200020702000D020A0207020151092H0207020151090D0207020151090E02072H0251090502072H0251090C02072H0251090602072H025109010207020351090B09070204462H0902070206510908020702055109070207020451090009070203460900020702003002EA3HFF0F020002004404A5808F5903001100120013D829356E090181B22H00350007063H0033BEEBCD379107063H00F9BC75A740E5070B3H00AF6A522H6CBCA11764802ABA8H00074H00070A3H004CEBBA1C630B1618FAB607113H00DE25B48671EDB0D288A8C42AECA84AC68A07093H007568D962881EEA9B6E070A3H00301FF362C2128CA48AE007063H0022399A2E680E07083H00C0EFD90E2H316D70070A3H0088575CE8E14E61D531CB070D3H00BAB1B87A70007C4224B0729E4207063H000DE0F8A26010070D3H00E32ED6DD85204CC2BF5A341E3A2H00D90E8A0C362H009AC12866C14BC304010016020002004404150200020044041402000200440403020002001B0301020002003B092H020002000609E501020002004502EE01020002004502D80102B10102D601163H02A50102073702AC0102B00102094402D801022F02B0011D02D60102B70102311F0260027902284502CA0102CF01028B011B029701028601028F010902C401025D022F3A02050200020044048B01028D01028701300200020002000B02003H0200130200020502001402FD3HFF0F020002004404003H02000E0201020002004404013H02003B09BC0102BF01023348020002000200440400020402005302F73HFF0F02000200440474BCAE020100245DD53503060172B22H009D2H000331EF070C362H0052F134E4FA8E0D7BF00401000D0200020044040C0200020044040B02000200440406020002001B030A020002003B090B020002000609E401020002004502ED010200020045021A02EE0102DB0134025702C10102E1015402A70102220295012402AA0102B10102C0014A02ED0102960102FB0110020602B7010234000200020002001B03BC0102BD0102334802000201020028021C020102000F04170200020044042H02000200200208020002004404083H02003B09080200020044045B025C02351D02F00102F10102B20152025B025902351D02FA3HFF0F0200020044044H02001B03F63HFF0F0200020044040C020C020D2002FA3HFF0F02000200440401090302011702010200020044040A020302003B09003H02003C02010200020044048F013H02003402003H0200280200020002004404AB0102AB01021F0B0203020102002002ED3HFF0F0200020044041C0200020044040109030201170201020302000F04ED3HFF0F020002004404003H02005302BE0102BD0102334802013H02001B0300020002004404BE0102BC0102334802003H020053020302000200442H04020402000609003H02000C02080200020044042H020002002002053H02003B0902092H0200172H02093H021702010200020044040A3H02003B0902092H02061602F53HFF0F02000200440401020002004404E93HFF0F0200020044049101029001021B48025A025C02351D02003H02003C2H0209E83HFF0F04032A3H020002004404073H02003B09FA3HFF0F020002004404F73HFF0F020002004404F73HFF0F020002004404CAB35010007D816A6405007BB22H00A19907093H00DA495FA136108A2FA407063H0041109DBE2BBC070D3H00BBCA21E4D26AD17385B2B46E332H073H00BEAD1DFAF787C407293H0027B64814869A1CE75960B093CCE1FEF7F62C132EC53B9787A5C37496F64AF9E31796E106128E90E91B07063H008E7D6AF6DC4207063H00C8F7883CF82A07063H0082F1BD02CDCE070C3H00BC6B1BCEBE19542D8DA4C9F6000292E4920F362H0090B5033E1605010023020002004404220200020044042102000200440405020002001B030A020002003B091E020002000609E401020002004502EB01020002004502CD01029F01029F013F0251023E029F0104022F0224028C013A0267023302AF012002BD0102E001024410020B024D02551002EC01029E01028F012E023702C8010216370213020002004404150906021746090002000200440407020702003B09010200020044040A020702003B0907090702041702010200020044040A020702003B092E02070200112H0402000200440400020602000D0200020002004404190906020D4609F23HFF0F020002004404000200020044040C0207020006092602000200440401020502003B09F73HFF0F020002004404000200020006092H0200020044040B0204020006090A0200020044041A020102000609063H020006091502000200440416020102000609110200020044042H02090200060900020002095002FB3HFF0F02000200440411020402000609080200020044040A020502003B09010200020044040A020502003B090F020502000F040D02000200440409020602000609140207020006090802000200440414020502000609FB3HFF0F02000200440418020302000609E83HFF0F020002004404033H02000609FC3HFF0F0200020044041B020302000609EE3HFF0F02000200440409020802000609E93HFF0F0200020044042A020002004404D53HFF0F020502001104250200020044049101029001021B48020402060207512H0902000200440400020702003C02010200020044047E020702003402B00102B001021F0B0261025F02351D02C30102C40102334802F00102F60102B201520205020902000609100200020044041C020702003B09010200020044040A020702003B09070907020E1602F93HFF0F020002004404100208020051090F02000200440426022802EA015202050200020044040002070200220201020002004404E001020702003402C30102C20102334802F93HFF0F02000200440400020802000D02F53HFF0F020002004404000207020022020102000200440499010207020034020709070213160227022A02EA015202F33HFF0F0200020044040F09080212460908020802065109DE3HFF0F020002004404B53HFF0F02000200440405090502011702D63HFF0F0200020044040A020502003B09FC3HFF0F020002004404C1BAA367002H05180B0A008FB22H0051CB070A3H00B0DFB93B61EFBAC5DAA007093H00768541BC42581E423F07063H00BDFC05856381485H00E5CBC007083H0087E6B63B1A049C6E070D3H00BF9E5F69F3E154D895AFAEFE7207033H00B281DD07043H002F0EF42607063H00CB6AC34009BE07083H00D59443368E919A9307053H000D4C3AEA93484H008089CBC007093H0028D7582A3A885CD516485H00B2ADC0070C3H000FEE4652310C4C457316F20207083H00E3024AE8D381286907053H001BBA90E16507063H0016256F30A23E07063H00C0EFF766EC79070C3H002A795F5C0EA1A0B12A50616A07033H003ECDEC070E3H00FB9A7C7D0CB6104B22F51FBECA7107443H003D7C5DBB8DF7C6D54E58843F30D949BA705099015A48982HE08271476A12379978E4D07C56ABDA8E851217206A94D766A153060055C814EBA4856A49301964837FB7DDBF485H0081CBC0485H0069CBC0070C3H001918465AA452426FA3429E9D07093H006DACB24807EA2977E62H073H0064D3B17678BCB107063H00DD1C3A96CCAA2H006846A00C362H00E291D86D3420B904010011020002004404100200020044040F02000200440405020002001B0301020002003B092H020002000609E301020002004502EC01020002004502F20102D7010294013F028001022702301E02DF01023102F5013402F40102B301024C420258022A021A390274027D024F1B3H02F50102F1011B02340259027940020102000200440400020002000B0200020002001802F00102EE0102B201520289D14B72003E35687D020072B22H00BD9C2H00E34D9D0C362H00F165A8C38058B8040100100200020044040F0200020044040E02000200442H04020002001B0301020002003B092H020002000609E501020002004502EA01020002004502D10102BE0102AA013B0288010286010242440210020A023D04029C01025B0298012902D3010212027244020C02770224090231023502DE010902010200020044049101029001021B480200020002001802F00102EE0102B20152029399EB2100B17D497A020072B22H0021572H00CC1CD60C362H00E6F983D6F888";end;end;else continue;end;end;else if Bb<=3 then else if gd(0X6,Bb,4)then do D=gd(0xa,nil,nil,963.3813589591197,510.4577396879056,7.563900674163258,{},563.9059450311604,112.28803097305784,122.73346678886244,A,{})(gd(9,nil,nil,G,E,0x7,{},{},9,s,86)(D,0X5),"..",function(mu)do if s(mu,0X0002)==Zd then local Q9=(0X0);while(true)do if Q9==0X0 then B=V(E(mu,0X1,0X1));do Q9=1;end;else return"";end;end;else local V1,n1=0,nil;while V1~=0X02 do if V1~=0 then if B then local gc=S(n1,B);B=Gd;return gc;else return n1;end;do V1=2;end;continue;else n1=I(V(mu,16));do V1=0x00001;end;end;end;end;end;end);end;else H={0X005,2,kd};end;end;end;end;local O=function()local S1=(s(D,k,k));k=k+(setmetatable({},{__add=function(hW,uW)return uW;end})+0X0001);return S1;end;Hd=0X0008;local y,m,Q,U,r,Nd,J,z,L=nil,nil,nil,nil,nil,nil,nil,nil,nil;repeat if not(Hd<=4)then do if gd(0X1,Hd,6)then do if Hd~=0X0005 then do local c0=2;do for Jy=1,0X1F do(X)[Jy]=c0;c0=gd(3,gd(0X8,nil,nil,Hd,Wd,0X46,td,140.4409512809406,c0,{}),2);end;end;end;Hd=9;continue;else Nd={};do Hd=0x00004;end;end;end;elseif Hd<=7 then L=vd.bnot;break;else if gd(6,Hd,8)then y=2147483648;do Hd=0X001;end;continue;else r=function()local FE,sE=M('\<\i8',D,k);k=sE;return FE;end;Hd=5;continue;end;end;end;else if not(Hd<=1)then if not(gd(1,Hd,2))then if gd(0X6,Hd,0X0003)then z=vd.band;Hd=0X7;else J=function(Sc,Vc,bc)local Ic,Rc=0,nil;while(true)do if not(Ic<=0X0)then do if Ic~=0X01 then Rc=Rc-Rc%0X1;do Ic=0X01;end;continue;else return Rc;end;end;else do Rc=(Sc/X[Vc])%X[bc];end;Ic=2;do continue;end;end;end;end;Hd=0X3;end;else U=function()local cQ,pQ=M(Od,D,k);local EQ=0X00;do while(true)do if EQ~=0X00 then do return cQ;end;else k=pQ;EQ=0X1;end;end;end;end;Hd=6;end;else if not(gd(6,Hd,0X00))then m=gd(11,Dd,52);Hd=0x0;else do Q=y-Bd;end;do Hd=2;end;end;end;end;until false;local W=rawset;Hd=1;local R,f,w=nil,nil,(nil);while gd(0X7,nil,nil,183.51898026018085,793.9837333928899,Md,Hd,H,331.4549181193228,Hd,3.3033063281536164,Hd)~=3 do if Hd<=0 then w=function()local dG=0X00000;local gG=(0X0);while-0x19fe88fF do local vE=s(D,k,k);k=k+1;do dG=a(dG,b(z(vE,0X0007f),gG));end;if z(vE,0X80)==0 then return dG;end;do gG=gG+7;end;end;end;Hd=3;do continue;end;else if Hd~=0X1 then do f=function()local JQ,tQ,UQ=1,nil,nil;while'\j_\054\098\wb\055\057'do if JQ==0 then k=UQ;break;else tQ,UQ=M('\<\d',D,k);JQ=0X00;continue;end;end;return tQ;end;end;do Hd=0X000;end;else R=Ud;Hd=0X002;continue;end;end;end;local g=({[(gd(0X000C,setmetatable({},{__add=function(wU,PU)do Ld=Ld+0X26e;end;local SU=1;repeat do if SU~=0X0 then ad=ad-0x121;SU=0;else return((PU-Ld)+ad);end;end;until false;end}),0X4480FC71))]=yd,[7]=false,[dd]=md,[0X4]=613751318,[0X1]=0.682343414961903,[7]=0X0005,[0X8]=0.03632444060991524,[7]=2,[6]=7,[8]=0X6,[gd(0xd,nil,nil,Hd,0X2,i,Hd,{},J,dd)]="\057ly\<\036\F\|\110",[0X4]=0x01,[0x09]=gd(7,nil,nil,Hd,70,43,kd,0X45,62.30525697227441,Hd),[0X9]=3,[Fd]=0x6,[0X1]=3,[(gd(0x0000E,setmetatable({},{__concat=function(W9,S9)ad=ad+914;bd=bd-809;local U9=0X1;while true do if U9==0x00 then do return(((S9-ad)+bd)+Rd);end;else Rd=Rd-464;U9=0;end;end;end}),-2812088320))]=7});local h,c,pd=nil,nil,nil;do for Q5=0x0,2 do if not(Q5<=0)then do if gd(0X0004,nil,nil,z,{},0x000045,Y,Q5,{},{},Q,Fd,905.304254672402)==1 then c=gd(0x7,nil,nil,Hd,482.44078238063554,{},O,0X47,{})();continue;else pd=gd(0x008,nil,nil,Bb,{},m,0X008,N,O)();continue;end;end;else h=function()local HK=(nil);for c4=0X0,2 do do if c4<=0X00 then HK=w();do continue;end;else if c4~=1 then do return HK;end;else if HK>Q then return HK-d;end;end;end;end;end;end;continue;end;end;end;Hd=0X2;local Pd,Vd,q=nil,nil,nil;while"\119l\088\079\;\105\094\110"do if gd(1,Hd,0)then do q=Qd;end;break;else if not(gd(6,Hd,1))then Pd=function(bV)local AV,BV=nil,(nil);local aV=(0X0);while aV~=2 do if aV~=0 then BV=0x738B473c;do aV=2;end;continue;else do AV=1068360964;end;aV=1;end;end;local qV=({s(D,k,k+0X3)});local eV=(Y(qV[Bd],pd));local gV=Y(qV[(setmetatable({},{__sub=function(Ha,Xa)local va=(0X0);do repeat if va==0X0 then BV=BV+743;do va=0X1;end;do continue;end;else do return(Xa-BV);end;end;until(false);end;end})-1938508325)],pd);local EV=(Y(qV[0X03],pd));aV=1;local wV=nil;repeat if aV~=0 then wV=Y(qV[0X4],pd);aV=0;continue;else pd=((setmetatable({},{__sub=function(RW,sW)return sW;end})-61)*pd+bV)%256;aV=0X2;continue;end;until aV>=0X2;k=k+4;return wV*16777216+EV*0x10000+gV*(setmetatable({},{__mul=function(S0,r0)local g0=(0x2);do repeat if not(g0<=0)then if g0~=0X01 then do BV=BV+774;end;g0=0x1;continue;else AV=AV-0xb8;g0=0;continue;end;else return((r0-BV)+AV);end;until(false);end;end})*870148573)+eV;end;Hd=0X0001;else do Vd=function(...)do return T("#",...),{...};end;end;end;Hd=0x0;continue;end;end;end;local o=next;Hd=1;local Td,jd=nil,nil;repeat if not(gd(6,Hd,0))then Td=function(zg)local jg,vg,Ug,eg=3,nil,nil,nil;while jg<0x05 do do if jg<=1 then if jg~=0X00000 then do for fD=(setmetatable({},{__mod=function(gQ,WQ)local XQ=(0);while true do do if XQ~=0 then return(WQ-vg);else vg=vg+0x36E;XQ=1;do continue;end;end;end;end;end})%0X1a3fD3Fd),Ug,7997 do local dD=(fD+0X1f3d-1);if not(dD>Ug)then else do dD=Ug;end;end;local RD=(0X0000);local XD=(nil);do repeat do if not(RD<=0)then if RD~=0X1 then for Ux=0X1,#XD do local Rx,tx=0X1,nil;repeat do if Rx<=0X0 then do(XD)[Ux]=Y(XD[Ux],c);end;Rx=0X02;continue;else if Rx==0x1 then do tx=0X00066E3AFa0;end;Rx=0;do continue;end;else c=(zg*c+(setmetatable({},{__add=function(Fy,ey)local jy=(1);while(true)do if jy==0X00 then do return(ey+tx);end;else do tx=tx-264;end;jy=0;continue;end;end;end})+-1726197353))%0x100;Rx=0X003;continue;end;end;end;until Rx>=0X3;end;RD=1;continue;else eg=eg..I(u(XD));do RD=0x3;end;end;else XD={s(D,k+fD-0X1,k+dD-Bd)};do RD=2;end;continue;end;end;until RD>0X2;end;end;end;jg=0X0;else k=k+Ug;jg=0X5;end;else do if jg<=2 then Ug=U();jg=0X00004;continue;else if jg==3 then do vg=0X0001a3Fd08e;end;jg=0x00002;continue;else eg="";do jg=0X1;end;continue;end;end;end;end;end;end;return eg;end;Hd=0x0;else jd={};do Hd=0x002;end;end;until Hd==0X2;local P=(Xd);local function ed(DY,qY,UY)local aY,uY=UY[0X4],UY[8];local rY=UY[0X9];local zY,bY=UY[0x3],(UY[7]);local vY=(UY[0X1]);local hY=(UY[0x06]);local jY=(i({},{__mode='v'}));local iY=(UY[0X0002]);local YY=(nil);YY=function(...)local xh={};local fh=1;local ih=(Z());local Zh=((ih==G and DY or ih));local Hh=({[0X1]=UY,[0X2]=xh});local Uh=(0);local th,qh=Vd(...);do th=th-1;end;do for Jh=0,th do if aY>Jh then do(xh)[Jh]=qh[Jh+1];end;else do break;end;end;end;end;if not bY then do qh=nil;end;else if not(rY)then else do xh[aY]={n=th>=aY and th-aY+0X1 or 0x00000,u(qh,aY+1,th+0X1)};end;end;end;if Zh==ih then else(K)(YY,Zh);end;repeat local Lx=hY[fh];local ox=Lx[3];fh=fh+0X1;do if not(ox>=0X0002C)then do if ox<0X16 then if not(ox>=0Xb)then if not(ox<5)then if ox<0X0008 then if ox<6 then do xh[Lx[0x2]]=xh[Lx[5]]~=Lx[1];end;else if ox~=7 then do xh[Lx[2]]=Lx[6];end;else repeat local Bb,ab=jY,(xh);if not(#Bb>0x0)then else local zm={};do for ZB,JB in o,Bb do do for zF,jF in o,JB do do if not(jF[0X1]==ab and jF[0X2]>=0X0)then else local i9=(jF[2]);if not(not zm[i9])then else do zm[i9]={ab[i9]};end;end;do(jF)[1]=zm[i9];end;jF[2]=1;end;end;end;end;end;end;end;until true;return u(xh,Lx[2],Uh);end;end;else do if ox<9 then jd[Lx[0X5]]=xh[Lx[2]];else if ox==0x0000A then(xh)[Lx[0X2]]=xh[Lx[5]]^xh[Lx[4]];else(xh)[Lx[0X0002]]=xh[Lx[5]]>=xh[Lx[0X4]];end;end;end;end;else if ox<0X2 then if ox~=0X1 then local xl,ul,tl=Lx[2],Lx[5],(Lx[0x4]);if ul~=0X0 then Uh=xl+ul-1;end;local Cl,al=nil,(nil);if ul==1 then Cl,al=Vd(xh[xl]());else Cl,al=Vd(xh[xl](u(xh,xl+1,Uh)));end;if tl~=1 then do if tl==0 then Cl=Cl+xl-0X01;Uh=Cl;else do Cl=xl+tl-2;end;do Uh=Cl+1;end;end;end;local qZ=(0);for UI=xl,Cl do qZ=qZ+0x1;xh[UI]=al[qZ];end;else do Uh=xl-0X01;end;end;else local Ds=Lx[0X2];local Vs,ks,Hs=xh[Ds]();if not(Vs)then else do xh[Ds+0X1]=ks;end;(xh)[Ds+0X02]=Hs;do fh=Lx[0X5];end;end;end;else if not(ox<0X3)then if ox==0X4 then xh[Lx[0X002]]=z(xh[Lx[5]],xh[Lx[0X004]]);else do if xh[Lx[5]]~=xh[Lx[0X4]]then else fh=Lx[0X2];end;end;end;else xh[Lx[0X2]]=Y(xh[Lx[5]],xh[Lx[4]]);end;end;end;else if not(ox>=0X10)then do if not(ox<13)then if ox<14 then xh[Lx[2]]={};else if ox~=0Xf then local Yb=(qY[Lx[0x0005]]);xh[Lx[2]]=Yb[1][Yb[2]];else if Lx[4]~=0xe8 then if not(not xh[Lx[2]])then else fh=Lx[5];end;else fh=fh-1;(hY)[fh]={[0X2]=(Lx[2]-0x009c),[3]=0Xb,[5]=(Lx[0x0005]-0X9C)};end;end;end;else do if ox~=12 then if Lx[0X04]~=0X1f then do repeat local ql,zl=jY,xh;if not(#ql>0)then else local tO={};for DD,nD in o,ql do for cX,zX in o,nD do do if zX[0X1]==zl and zX[0X002]>=0x000 then local yZ=zX[0X2];do if not(not tO[yZ])then else tO[yZ]={zl[yZ]};end;end;zX[0X001]=tO[yZ];zX[0X2]=0x1;end;end;end;end;end;until true;end;do return;end;else fh=fh-0X1;do hY[fh]={[2]=(Lx[0X02]-0xA8),[5]=(Lx[5]-0XA8),[0X003]=0X53};end;end;else local DD=Lx[0X0002];xh[DD](xh[DD+0X00001],xh[DD+2]);Uh=DD-1;end;end;end;end;else if not(ox<0X13)then do if ox<0x14 then repeat local xK,FK=jY,xh;if not(#xK>0x0)then else local zc=({});for P5,I5 in o,xK do do for BR,iR in o,I5 do do if iR[0x1]==FK and iR[2]>=0 then local zK=iR[0X2];if not zc[zK]then zc[zK]={FK[zK]};end;do(iR)[1]=zc[zK];end;(iR)[0X2]=0x1;end;end;end;end;end;end;until true;local dM=(Lx[2]);return xh[dM](u(xh,dM+1,Uh));else if ox~=0X15 then if Lx[4]~=230 then local of,qf=Lx[2],(th-aY);if not(qf<0)then else qf=-0x001;end;for eV=of,of+qf do do(xh)[eV]=qh[aY+(eV-of)+1];end;end;Uh=of+qf;else fh=fh-0X1;do hY[fh]={[0X5]=(Lx[5]-92),[0X3]=0x53,[2]=(Lx[2]-0X005C)};end;end;else xh[Lx[2]]=xh[Lx[5]]+xh[Lx[4]];end;end;end;else do if not(ox<17)then do if ox==0x12 then xh[Lx[2]]=xh[Lx[5]]%xh[Lx[4]];else if Lx[4]==0X22 then do fh=fh-0X0001;end;(hY)[fh]={[0x002]=(Lx[2]-0X0B1),[0X5]=(Lx[5]-177),[3]=63};else if not(xh[Lx[0X2]])then else fh=Lx[5];end;end;end;end;else local Jp=(Lx[2]);local Rp,Yp=xh[Jp],(xh[Jp+0X1]);local tp=(xh[Jp+2]);do xh[Jp]=l(function()for Tl=Rp,Yp,tp do(C)(true,Tl);end;end);end;fh=Lx[0x00005];end;end;end;end;end;else if ox>=33 then if not(ox<38)then do if ox<41 then if ox<39 then xh[Lx[0X2]][xh[Lx[0X0005]]]=Lx[1];else if ox~=40 then local RF=Lx[0X2];Uh=RF+Lx[5]-0x1;xh[RF](u(xh,RF+1,Uh));Uh=RF-0x0001;else do Uh=Lx[0X2];end;xh[Uh]=xh[Uh]();end;end;else if not(ox>=42)then do Zh[Lx[6]]=xh[Lx[0X2]];end;else if ox==0x0002B then local AL=(Lx[2]);local mL=((Lx[4]-1)*0X32);local EL=(xh[AL]);for M_=1,Lx[5]do do EL[mL+M_]=xh[AL+M_];end;end;else do if xh[Lx[5]]~=Lx[0X01]then fh=Lx[0X00002];end;end;end;end;end;end;else do if not(ox>=35)then do if ox==34 then local hX=(Lx[2]);(xh)[hX]=xh[hX](xh[hX+0X001],xh[hX+0X2]);Uh=hX;else xh[Lx[2]]=xh[Lx[5]]~=xh[Lx[4]];end;end;else if ox<36 then Hh[Lx[5]]=xh[Lx[2]];else if ox~=37 then xh[Lx[2]]=xh[Lx[5]]/xh[Lx[0X4]];else xh[Lx[0X2]]=jd[Lx[5]];end;end;end;end;end;else if ox<27 then do if not(ox<0X018)then if not(ox>=25)then do xh[Lx[2]]=true;end;else if ox==0X001a then do(xh)[Lx[0X002]]=false;end;else do if xh[Lx[0X00005]]~=Lx[0X1]then else fh=Lx[0X002];end;end;end;end;else if ox~=0X0017 then local iy,Ay=Lx[2],xh[Lx[5]];xh[iy+1]=Ay;xh[iy]=Ay[Lx[1]];else xh[Lx[0X2]]=xh[Lx[5]][Lx[0X001]];end;end;end;else do if not(ox>=0X001e)then if not(ox<28)then do if ox~=0X01D then do repeat local pR,QR=jY,xh;if not(#pR>0)then else local mh=({});for xZ,JZ in o,pR do for VF,nF in o,JZ do if not(nF[1]==QR and nF[2]>=0X0)then else local xR=(nF[0X2]);if not mh[xR]then mh[xR]={QR[xR]};end;(nF)[1]=mh[xR];nF[0X00002]=0x1;end;end;end;end;until true;end;return xh[Lx[0X02]]();else if Lx[4]==53 then do fh=fh-0x1;end;(hY)[fh]={[3]=32,[0x02]=(Lx[2]-0X00059),[0X05]=(Lx[0X5]-0X0059)};elseif Lx[4]==112 then fh=fh-1;do(hY)[fh]={[0X3]=20,[5]=(Lx[5]-0xd2),[2]=(Lx[0x00002]-0xD2)};end;else repeat local nt,st=jY,xh;do if not(#nt>0)then else local CB={};for zH,EH in o,nt do for bC,CC in o,EH do if not(CC[0X1]==st and CC[2]>=0X00000)then else local Hj=CC[0X2];if not(not CB[Hj])then else do(CB)[Hj]={st[Hj]};end;end;CC[1]=CB[Hj];do(CC)[2]=1;end;end;end;end;end;end;until true;local h5=Lx[0X00002];do return u(xh,h5,h5+Lx[5]-0X2);end;end;end;end;else local O_=vY[Lx[0X0005]];local W_,A_=O_[0x5],nil;local c_=(#W_);if not(c_>0)then else A_={};for xN=0X001,c_ do local cN=W_[xN];do if cN[0X1]==0 then do A_[xN-1]={xh,cN[0X00002]};end;else(A_)[xN-0X1]=qY[cN[2]];end;end;end;q(jY,A_);end;xh[Lx[2]]=ed(Zh,A_,O_);end;else do if ox>=0X00001F then do if ox==0X20 then if Lx[4]==0Xd then do fh=fh-0X1;end;(hY)[fh]={[0X5]=(Lx[5]-0Xa),[3]=83,[0X02]=(Lx[0x2]-10)};else do(xh)[Lx[0x2]]=xh[Lx[5]];end;end;else do xh[Lx[2]]=L(xh[Lx[5]]);end;end;end;else if not(xh[Lx[5]]<xh[Lx[4]])then else fh=Lx[0X02];end;end;end;end;end;end;end;end;end;else if ox<66 then if ox<0X000037 then if ox>=49 then if ox>=52 then if not(ox<53)then if ox~=0X36 then do if not(xh[Lx[0X00005]]<=xh[Lx[4]])then fh=Lx[0X2];end;end;else Uh=Lx[0X00002];xh[Uh]();Uh=Uh-0X01;end;else do if Lx[0X4]==169 then do fh=fh-0X00001;end;(hY)[fh]={[0X00005]=(Lx[5]-166),[3]=11,[2]=(Lx[0X02]-0Xa6)};elseif Lx[0x4]~=46 then for D6=Lx[0X0002],Lx[5]do xh[D6]=nil;end;else fh=fh-0X0001;(hY)[fh]={[5]=(Lx[5]-120),[0X2]=(Lx[0X2]-120),[0X3]=0X07};end;end;end;else if not(ox>=50)then local CG=Lx[0X2];(xh[CG])(u(xh,CG+0X1,Uh));Uh=CG-1;else if ox~=0x0033 then(xh)[Lx[2]]=xh[Lx[5]]<xh[Lx[4]];else(xh)[Lx[0X2]]=not xh[Lx[5]];end;end;end;else do if not(ox<46)then if ox>=47 then do if ox~=48 then(xh)[Lx[2]]=R(xh[Lx[5]],xh[Lx[0X4]]);else if Lx[0X4]==0x87 then fh=fh-1;(hY)[fh]={[3]=0X0007,[2]=(Lx[0X2]-139),[0x5]=(Lx[5]-139)};else repeat local D4,J4=jY,xh;do if not(#D4>0X00000)then else local EV=({});for fJ,mJ in o,D4 do for Q7,b7 in o,mJ do do if b7[1]==J4 and b7[0x2]>=0 then local c5=b7[0X2];if not EV[c5]then EV[c5]={J4[c5]};end;b7[1]=EV[c5];b7[2]=1;end;end;end;end;end;end;until true;do return xh[Lx[0X2]];end;end;end;end;else local tc=Lx[0X2];local Uc,Xc=xh[tc]();if Uc then fh=Lx[0X05];xh[tc+0X3]=Xc;end;end;else if ox~=0X2d then local ZF=qY[Lx[5]];(ZF[1])[ZF[2]]=xh[Lx[0X2]];else local df=(Lx[2]);local Kf=l(function(...)C();for ub in...do(C)(true,ub);end;end);(Kf)(xh[df],xh[df+1],xh[df+0x002]);do Uh=df;end;do xh[df]=Kf;end;fh=Lx[0X0005];end;end;end;end;else if ox<0X3C then if ox>=57 then do if ox<58 then xh[Lx[0X2]]=b(xh[Lx[5]],xh[Lx[4]]);else if ox~=59 then do if xh[Lx[0X005]]~=xh[Lx[0X4]]then fh=Lx[0x0002];end;end;else(xh)[Lx[0X2]]=Zh[Lx[6]];end;end;end;else if ox~=56 then(xh)[Lx[2]]=-xh[Lx[0X5]];else local Um=(Lx[2]);(xh[Um])(xh[Um+0X01]);Uh=Um-0X01;end;end;else if not(ox>=63)then if ox<0X3d then local rO=(Lx[0X02]);xh[rO]=xh[rO](xh[rO+1]);Uh=rO;else if ox~=62 then if not(not(xh[Lx[5]]<=Lx[0X1]))then else do fh=Lx[0X2];end;end;else local Qp=(Lx[0x5]);do(xh)[Lx[0x2]]=xh[Qp]..xh[Qp+0X1];end;end;end;else if not(ox<0x00040)then if ox~=65 then xh[Lx[2]][xh[Lx[0X0005]]]=xh[Lx[0x4]];else local WE=(Lx[2]);local IE=l(function(...)C();do for J6,W6 in...do C(true,J6,W6);end;end;end);(IE)(xh[WE],xh[WE+1],xh[WE+0X2]);Uh=WE;(xh)[WE]=IE;fh=Lx[0X5];end;else(xh)[Lx[0x02]]=#xh[Lx[5]];end;end;end;end;else do if ox>=77 then if ox>=82 then if ox>=85 then do if not(ox<0X00056)then do if ox~=87 then xh[Lx[0X2]]=xh[Lx[0X00005]]<=xh[Lx[4]];else local xM=(Lx[2]);local OM,lM=xh[xM],(Lx[0X04]-1)*0X0032;for Rl=1,Uh-xM do do OM[lM+Rl]=xh[xM+Rl];end;end;end;end;else xh[Lx[2]]=xh[Lx[5]]*xh[Lx[0X00004]];end;end;else do if not(ox>=0X00053)then if Lx[4]==178 then fh=fh-0x0001;do(hY)[fh]={[0x3]=0X000030,[0x2]=(Lx[0X00002]-0X0ee),[0X5]=(Lx[5]-238)};end;elseif Lx[0X0004]==0X51 then fh=fh-1;(hY)[fh]={[0x2]=(Lx[2]-168),[0X5]=(Lx[5]-168),[3]=0x14};elseif Lx[0x4]==118 then fh=fh-1;hY[fh]={[0X005]=(Lx[0X5]-111),[3]=55,[2]=(Lx[0X2]-0X6F)};elseif Lx[0X04]~=234 then repeat local tA,FA,uA=jY,xh,(Lx[0x0002]);do if#tA>0 then local hA=({});do for sh,uh in o,tA do for zy,my in o,uh do if my[0X01]==FA and my[0X2]>=uA then local yK=(my[2]);if not(not hA[yK])then else(hA)[yK]={FA[yK]};end;do my[1]=hA[yK];end;my[2]=0X1;end;end;end;end;end;end;until true;else fh=fh-1;(hY)[fh]={[0x00003]=32,[0X002]=(Lx[0x2]-0x0021),[0X5]=(Lx[5]-0X21)};end;else do if ox==0x54 then(xh)[Lx[2]]=xh[Lx[5]]==xh[Lx[0X004]];else(xh)[Lx[0X2]]=nil;end;end;end;end;end;else if not(ox>=79)then if ox==78 then xh[Lx[0X2]]=xh[Lx[0X05]]-xh[Lx[0X004]];else xh[Lx[0X002]]=Lx[6];end;else do if ox>=0X000050 then if ox~=81 then local kE=Lx[5];local zE=(xh[kE]);for qF=kE+0X00001,Lx[0x4]do zE=zE..xh[qF];end;xh[Lx[2]]=zE;else xh[Lx[2]][Lx[6]]=xh[Lx[4]];end;else local vj=Lx[0X2];local pj,cj=xh[vj]();if not(pj)then else do(xh)[vj+0x1]=cj;end;do fh=Lx[5];end;end;end;end;end;end;else do if not(ox>=0X47)then do if ox>=68 then if not(ox>=69)then fh=Lx[5];else do if ox~=0X46 then(xh)[Lx[2]]={u({},0x1,Lx[0X05])};else xh[Lx[0x002]][Lx[0X0006]]=Lx[1];end;end;end;else if ox==0x043 then local BR=Lx[0x2];local FR,iR=xh[BR]();do if FR then do for Vg=1,Lx[0X4]do do(xh)[BR+Vg]=iR[Vg];end;end;end;fh=Lx[0X5];end;end;else xh[Lx[2]]=Hh[Lx[5]];end;end;end;else if not(ox>=74)then if ox<72 then local kD=(Lx[5]);local iD=(Lx[2]);do Uh=iD+kD-0x0001;end;do repeat local DI,FI=jY,(xh);if#DI>0 then local ym=({});for aU,RU in o,DI do for wR,RR in o,RU do do if not(RR[0X1]==FI and RR[2]>=0)then else local DE=RR[2];if not(not ym[DE])then else ym[DE]={FI[DE]};end;RR[0X001]=ym[DE];do RR[0x02]=0X00001;end;end;end;end;end;end;until true;end;return xh[iD](u(xh,iD+1,Uh));else if ox~=73 then if Lx[4]==27 then fh=fh-0x0001;hY[fh]={[5]=(Lx[5]-0X90),[0X00002]=(Lx[2]-0X00090),[0X03]=11};elseif Lx[0X4]~=51 then local E6=Lx[2];for KU=E6,E6+(Lx[0X5]-0X1)do(xh)[KU]=qh[aY+(KU-E6)+1];end;else fh=fh-0X1;hY[fh]={[2]=(Lx[0x00002]-0Xbc),[5]=(Lx[0X5]-0xBC),[3]=32};end;else do(xh)[Lx[0X2]]=xh[Lx[0x5]]%Lx[1];end;end;end;else if ox<0X4B then do(xh)[Lx[2]]=xh[Lx[5]]>xh[Lx[4]];end;else if ox~=0X04C then(xh)[Lx[2]]=xh[Lx[0x5]][xh[Lx[0X0004]]];else local B2=Lx[0X2];(xh)[B2]=xh[B2](u(xh,B2+1,Uh));Uh=B2;end;end;end;end;end;end;end;end;end;end;until false;end;(K)(YY,DY);return YY;end;Hd=1;local Ed,sd=nil,nil;repeat do if gd(6,Hd,0x0000)then sd=gd(0Xf,nil,nil,0X5d,e,Ed,0X000052,b,860.928336916785,K,616.109759745369)();break;else function Ed()local qv,Gv,rv,hv,vv,Wv,yv,gv,Av,av,Mv,jv,uv=0X000A,nil,nil,nil,nil,nil,nil,nil,nil,nil,nil,nil,nil;local Vv=0X000752327b8;local Jv=(0X5F522264);while qv~=0X00e do if qv<=0X00006 then if not(qv<=0X0002)then if not(qv<=0X4)then do if qv==0X5 then gv=0X109A11FE;do qv=0X007;end;continue;else jv={{},Gd,{},nil,nil,{},nil,Gd,Gd};qv=0Xc;continue;end;end;else do if qv~=3 then hv=1562219803;qv=0X0002;else uv={};qv=0Xe;end;end;end;elseif qv<=0X0 then rv=1982979412;qv=0X00004;else if qv==0x00001 then do Mv={};end;qv=0X6;else vv=0X697a691;do qv=8;end;end;end;else if not(qv<=9)then if qv<=0x00b then if qv==0Xa then do Gv=997486082;end;qv=0;else yv=0x230AF3A6;do qv=0X5;end;continue;end;else do if qv~=12 then do av=0X068C478e6;end;qv=9;continue;else jv[(setmetatable({},{__pow=function(VZ,HZ)return HZ;end})^0X11)]=U();qv=3;end;end;end;else do if not(qv<=0X7)then do if qv==0X0008 then Wv=0X1Aaca47D;qv=11;else do qv=1;end;end;end;else Av=479274161;qv=13;continue;end;end;end;end;end;local Ov=(setmetatable({},{__add=function(d1,V1)local j1=(0);repeat if not(j1<=1)then if j1~=2 then gv=gv+0X28a;j1=2;continue;else return(((V1+av)+Av)-gv);end;else if j1~=0X0 then Av=Av-613;j1=0X3;else av=av-331;j1=0X1;end;end;until(false);end})+-1958446430);local Xv=jv[0x06];local tv=U()-(setmetatable({},{__mod=function(Ta,ha)local Ia=0X2;while true do if Ia<=1 then if Ia==0 then do vv=vv-0X25f;end;Ia=1;else return(((ha-yv)+Wv)+vv);end;elseif Ia~=0X2 then do Wv=Wv-0xe3;end;do Ia=0;end;do continue;end;else yv=yv+0X3D1;Ia=3;end;end;end})%29865040);for GD=(setmetatable({},{__sub=function(JH,iH)return iH;end})-1),tv do do(Xv)[GD]={[1]=0xc1085Dc,[0x006]=-0x607CCFD2,[3]='*\g\040\080',[6]=-927234212,[0X2]="",[3]=-0X0281426d,[0X005]=h(),[1]=O(),[Dd]=h(),[0X7]=O(),[4]=h(),[0X03]=w(),[0X00006]=O()};end;end;jv[Jd]=U();qv=0;local cv=(nil);repeat if not(qv<=0)then do if qv==1 then cv={};qv=2;else do for qx=0X00001,w()do uv[qx]={O(),w()};end;end;qv=3;continue;end;end;else(jv)[Fd]=uv;qv=0X00001;continue;end;until qv>2;(jv)[rd]=U();qv=0x8;local Sv,dv,Bv,bv=nil,nil,nil,(nil);while qv~=0XC do do if qv<=0X5 then if not(qv<=2)then if not(qv<=0x00003)then if qv~=4 then bv=O();qv=0X0009;else dv=O();qv=0X02;continue;end;else for wa=1,tv do local Na=(jv[0x06][wa]);for QF,gF in Yd(H)do local iF=g[gF];local mF=Na[iF];if mF==0x9 then local hj=(Mv[Na[gF]]);local Sj=cv[hj];if Sj then do(Na)[iF]=Sj[Bd];end;local N6=(Sj[2]);N6[#N6+1]={Na,iF};end;elseif mF==kd then Na[gF]=wa+Na[gF]+1;end;end;end;qv=5;end;else do if qv<=0x00 then do jv[0X4]=w();end;qv=10;continue;else if qv==0x01 then do(jv)[0X0002]=w();end;qv=3;else do Bv=O()~=0;end;qv=0XB;do continue;end;end;end;end;end;elseif not(qv<=8)then do if not(qv<=9)then do if qv==10 then Sv=U()-45682;qv=0x4;else do for DU=(setmetatable({},{__concat=function(GK,NK)do for ck=0X0,1 do if ck==0X000 then do hv=hv-676;end;continue;else do rv=rv+214;end;continue;end;end;end;return((NK+hv)-rv);end})..0X019144bb4),Sv do local pU,oU=nil,nil;local wU,aU,SU,GU=0X56a91d9D,1758884652,nil,(2);do while(true)do if not(GU<=0X0001)then if GU==0x02 then pU=O();do GU=0X03;end;continue;else Mv[DU-0X001]=Ov;GU=0X000;continue;end;else if GU==0 then if pU==0X063 then SU=f()+U();elseif pU==112 then SU=f();elseif pU==0X42 then SU=E(Td(dv),U());elseif pU==38 then SU=md;elseif pU==0x7 then SU=E(Td(dv),fd);elseif pU==0X48 then SU=f();elseif pU==0X0b0 then SU=f();elseif pU==133 then SU=r();elseif pU==0XBa then SU=r();elseif pU==0X4D then SU=false;elseif pU~=0X74 then else do SU=E(Td(dv),f()+U());end;end;GU=0X1;else oU={SU,{}};break;end;end;end;end;do cv[Ov]=oU;end;Ov=Ov+(setmetatable({},{__div=function(hJ,lJ)local cJ=1;repeat do if cJ<=0 then return((lJ+aU)-wU);else if cJ==0X1 then do aU=aU-508;end;cJ=0X0002;else wU=wU+888;cJ=0x00;continue;end;end;end;until(false);end})/-0X122d501a);if not(Bv)then else(Nd)[xd]=oU;xd=xd+1;end;end;end;do qv=1;end;end;end;else(jv)[7]=J(bv,0X1,(setmetatable({},{__div=function(ik,Ek)Gv=Gv+0x000093;local Qk=0X00002;while(true)do if not(Qk<=0X0)then if Qk==0X1 then return(((Ek-Gv)+Jv)+Vv);else Jv=Jv-0X18B;Qk=0X000;do continue;end;end;else Vv=Vv-130;Qk=1;end;end;end})/-0x09900d979))~=(setmetatable({},{__sub=function(lx,yx)gv=gv-0x2Be;return(yx+gv);end})- -278532554);qv=6;continue;end;end;else if not(qv<=0X00006)then if qv==7 then jv[0X00011]=O();do qv=0X000c;end;continue;else jv[8]=w();qv=0x00000;continue;end;else do jv[0X9]=J(bv,2,0x01)~=0x000;end;do qv=7;end;end;end;end;end;do qv=0X002;end;local ev=(nil);while qv<0X3 do if not(qv<=0)then do if qv==1 then ev=U()-13836;qv=3;else do(jv)[0x0b]=O();end;qv=0X0;continue;end;end;else(jv)[0X00012]=O();qv=0X01;continue;end;end;local Cv=(jv[0X1]);do for ZU=0X0000,ev-1 do Cv[ZU]=Ed();end;end;do for sb=0,2 do if not(sb<=0)then do if sb==1 then jv[0XD]=O();else return jv;end;end;else(jv)[12]=O();do continue;end;end;end;end;end;Hd=0X00000;end;end;until false;do Hd=0;end;do repeat if Hd<=0X000 then jd[0X1]=gd(10,nil,nil,63,657.5229887370714,17,717.4653133774194,Xd,0X2d,h,Nd,Hd,Hd);do Hd=0X01;end;elseif Hd==0X1 then Nd=Gd;Hd=0X2;else return ed(G,nil,gd(0X8,nil,nil,q,307.81127122451585,{},23,s,sd,I))(...);end;until(false);end;end)("<I4",error,table.insert,tostring,nil,4,false,0X48,string.sub,18,0X002,assert,setmetatable,rawget,string.gsub,bit32,getfenv,bit32.rshift,tonumber,0x1,string,string.rep,ipairs,0X000F,unpack,pcall,coroutine,true,0X5,3,function(b,D,k,...)if not(b<=0x0007)then do if b<=0xB then if b<=0X9 then if b~=0X8 then return({...})[2];else return({...})[0x006];end;else if b~=0X0000a then return D^k;else do return({...})[0x0008];end;end;end;else if not(b<=0Xd)then do if b==0X0000e then return D..k;else return({...})[0X003];end;end;else if b~=12 then do return({...})[0X7];end;else return D+k;end;end;end;end;else do if not(b<=0X00003)then if not(b<=5)then do if b==0X6 then return D==k;else return({...})[0x4];end;end;elseif b~=0x4 then do return D-k;end;else return({...})[5];end;else do if not(b<=1)then if b==2 then return D<k;else do return D*k;end;end;else if b==0 then do return D~=k;end;else return D<=k;end;end;end;end;end;end;end,0X9,{0x00d602,0xC0f82C38,2443470997,3803325995,0X4E502C4c,0xd779356B,0X7b32334D,0X3496B045,1703390093},...);
